
Microsoft Visual Studio Solution File, Format Version 12.00
# Visual Studio Version 16
VisualStudioVersion = 16.0.31624.102
MinimumVisualStudioVersion = 10.0.40219.1
Project("{FAE04EC0-301F-11D3-BF4B-00C04F79EFBC}") = "Account", "Account\Account.csproj", "{4BDBCC8F-DD3A-4397-9500-C5D5E4B52299}"
EndProject
Global
	GlobalSection(SolutionConfigurationPlatforms) = preSolution
		Debug|Any CPU = Debug|Any CPU
		Release|Any CPU = Release|Any CPU
	EndGlobalSection
	GlobalSection(ProjectConfigurationPlatforms) = postSolution
		{4BDBCC8F-DD3A-4397-9500-C5D5E4B52299}.Debug|Any CPU.ActiveCfg = Debug|Any CPU
		{4BDBCC8F-DD3A-4397-9500-C5D5E4B52299}.Debug|Any CPU.Build.0 = Debug|Any CPU
		{4BDBCC8F-DD3A-4397-9500-C5D5E4B52299}.Release|Any CPU.ActiveCfg = Release|Any CPU
		{4BDBCC8F-DD3A-4397-9500-C5D5E4B52299}.Release|Any CPU.Build.0 = Release|Any CPU
	EndGlobalSection
	GlobalSection(SolutionProperties) = preSolution
		HideSolutionNode = FALSE
	EndGlobalSection
	GlobalSection(ExtensibilityGlobals) = postSolution
		SolutionGuid = {65113920-85EA-4457-A908-555EB267DA0E}
	EndGlobalSection
EndGlobal
