
Microsoft Visual Studio Solution File, Format Version 12.00
# Visual Studio Version 16
VisualStudioVersion = 16.0.31624.102
MinimumVisualStudioVersion = 10.0.40219.1
Project("{FAE04EC0-301F-11D3-BF4B-00C04F79EFBC}") = "GameOfChance", "GameOfChance\GameOfChance.csproj", "{D0F6AD0D-FF9B-472F-B413-EEBF614DD73E}"
EndProject
Global
	GlobalSection(SolutionConfigurationPlatforms) = preSolution
		Debug|Any CPU = Debug|Any CPU
		Release|Any CPU = Release|Any CPU
	EndGlobalSection
	GlobalSection(ProjectConfigurationPlatforms) = postSolution
		{D0F6AD0D-FF9B-472F-B413-EEBF614DD73E}.Debug|Any CPU.ActiveCfg = Debug|Any CPU
		{D0F6AD0D-FF9B-472F-B413-EEBF614DD73E}.Debug|Any CPU.Build.0 = Debug|Any CPU
		{D0F6AD0D-FF9B-472F-B413-EEBF614DD73E}.Release|Any CPU.ActiveCfg = Release|Any CPU
		{D0F6AD0D-FF9B-472F-B413-EEBF614DD73E}.Release|Any CPU.Build.0 = Release|Any CPU
	EndGlobalSection
	GlobalSection(SolutionProperties) = preSolution
		HideSolutionNode = FALSE
	EndGlobalSection
	GlobalSection(ExtensibilityGlobals) = postSolution
		SolutionGuid = {C2771AD3-232B-4EAD-A77A-830797CB53AE}
	EndGlobalSection
EndGlobal
